
Microsoft Visual Studio Solution File, Format Version 12.00
# Visual Studio 15
VisualStudioVersion = 15.0.28010.0
MinimumVisualStudioVersion = 10.0.40219.1
Project("{FAE04EC0-301F-11D3-BF4B-00C04F79EFBC}") = "DPB", "DPB.csproj", "{2469ED76-CB41-4117-8DD9-447398FBFF92}"
EndProject
Project("{FAE04EC0-301F-11D3-BF4B-00C04F79EFBC}") = "DPB.Console", "..\DPB.Console\DPB.Console.csproj", "{39631169-F67F-47CF-BC81-4014183DC738}"
EndProject
Global
	GlobalSection(SolutionConfigurationPlatforms) = preSolution
		Debug|Any CPU = Debug|Any CPU
		Release|Any CPU = Release|Any CPU
	EndGlobalSection
	GlobalSection(ProjectConfigurationPlatforms) = postSolution
		{2469ED76-CB41-4117-8DD9-447398FBFF92}.Debug|Any CPU.ActiveCfg = Debug|Any CPU
		{2469ED76-CB41-4117-8DD9-447398FBFF92}.Debug|Any CPU.Build.0 = Debug|Any CPU
		{2469ED76-CB41-4117-8DD9-447398FBFF92}.Release|Any CPU.ActiveCfg = Release|Any CPU
		{2469ED76-CB41-4117-8DD9-447398FBFF92}.Release|Any CPU.Build.0 = Release|Any CPU
		{39631169-F67F-47CF-BC81-4014183DC738}.Debug|Any CPU.ActiveCfg = Debug|Any CPU
		{39631169-F67F-47CF-BC81-4014183DC738}.Debug|Any CPU.Build.0 = Debug|Any CPU
		{39631169-F67F-47CF-BC81-4014183DC738}.Release|Any CPU.ActiveCfg = Release|Any CPU
		{39631169-F67F-47CF-BC81-4014183DC738}.Release|Any CPU.Build.0 = Release|Any CPU
	EndGlobalSection
	GlobalSection(SolutionProperties) = preSolution
		HideSolutionNode = FALSE
	EndGlobalSection
	GlobalSection(ExtensibilityGlobals) = postSolution
		SolutionGuid = {33309871-BFA8-4060-A083-2BB2DE66C1A2}
	EndGlobalSection
EndGlobal
